
Microsoft Visual Studio Solution File, Format Version 12.00
# Visual Studio Version 17
VisualStudioVersion = 17.8.34330.188
MinimumVisualStudioVersion = 10.0.40219.1
Project("{FAE04EC0-301F-11D3-BF4B-00C04F79EFBC}") = "TopicSender", "TopicSender\TopicSender.csproj", "{92FEA8C0-B8B1-4243-B7DF-6B07B766B09B}"
EndProject
Global
	GlobalSection(SolutionConfigurationPlatforms) = preSolution
		Debug|Any CPU = Debug|Any CPU
		Release|Any CPU = Release|Any CPU
	EndGlobalSection
	GlobalSection(ProjectConfigurationPlatforms) = postSolution
		{92FEA8C0-B8B1-4243-B7DF-6B07B766B09B}.Debug|Any CPU.ActiveCfg = Debug|Any CPU
		{92FEA8C0-B8B1-4243-B7DF-6B07B766B09B}.Debug|Any CPU.Build.0 = Debug|Any CPU
		{92FEA8C0-B8B1-4243-B7DF-6B07B766B09B}.Release|Any CPU.ActiveCfg = Release|Any CPU
		{92FEA8C0-B8B1-4243-B7DF-6B07B766B09B}.Release|Any CPU.Build.0 = Release|Any CPU
	EndGlobalSection
	GlobalSection(SolutionProperties) = preSolution
		HideSolutionNode = FALSE
	EndGlobalSection
	GlobalSection(ExtensibilityGlobals) = postSolution
		SolutionGuid = {EB6AB7AB-7B66-4D31-80D5-02C49A084A7F}
	EndGlobalSection
EndGlobal
